
Microsoft Visual Studio Solution File, Format Version 12.00
# Visual Studio Version 17
VisualStudioVersion = 17.0.31903.59
MinimumVisualStudioVersion = 10.0.40219.1
Project("{2150E333-8FDC-42A3-9474-1A3956D46DE8}") = "Chap01", "Chap01", "{C3C97865-22D0-4DD4-8C37-70A55281335C}"
EndProject
Project("{FAE04EC0-301F-11D3-BF4B-00C04F79EFBC}") = "Person", "Chap01\Person\Person.csproj", "{660F9BD0-F505-48FE-80AB-3DCF741F8B0D}"
EndProject
Global
	GlobalSection(SolutionConfigurationPlatforms) = preSolution
		Debug|Any CPU = Debug|Any CPU
		Release|Any CPU = Release|Any CPU
	EndGlobalSection
	GlobalSection(SolutionProperties) = preSolution
		HideSolutionNode = FALSE
	EndGlobalSection
	GlobalSection(ProjectConfigurationPlatforms) = postSolution
		{660F9BD0-F505-48FE-80AB-3DCF741F8B0D}.Debug|Any CPU.ActiveCfg = Debug|Any CPU
		{660F9BD0-F505-48FE-80AB-3DCF741F8B0D}.Debug|Any CPU.Build.0 = Debug|Any CPU
		{660F9BD0-F505-48FE-80AB-3DCF741F8B0D}.Release|Any CPU.ActiveCfg = Release|Any CPU
		{660F9BD0-F505-48FE-80AB-3DCF741F8B0D}.Release|Any CPU.Build.0 = Release|Any CPU
	EndGlobalSection
	GlobalSection(NestedProjects) = preSolution
		{660F9BD0-F505-48FE-80AB-3DCF741F8B0D} = {C3C97865-22D0-4DD4-8C37-70A55281335C}
	EndGlobalSection
EndGlobal
